{
  "name": "cp_data",
  "lockfileVersion": 3,
  "requires": true,
  "packages": {
    "": {
      "dependencies": {
        "leetcode-card": "^1.0.1"
      }
    },
    "node_modules/itty-router": {
      "version": "2.6.6",
      "resolved": "https://registry.npmjs.org/itty-router/-/itty-router-2.6.6.tgz",
      "integrity": "sha512-hIPHtXGymCX7Lzb2I4G6JgZFE4QEEQwst9GORK7sMYUpJvLfy4yZJr95r04e8DzoAnj6HcxM2m4TbK+juu+18g=="
    },
    "node_modules/leetcode-card": {
      "version": "1.0.1",
      "resolved": "https://registry.npmjs.org/leetcode-card/-/leetcode-card-1.0.1.tgz",
      "integrity": "sha512-VIqBW0+kA0sBC4Hbwc8bMSgjZsTdD+HlbC6DaLPruH2EGmEmDqNqTyM/N2JZFdCSN+o6MMZLwVc4UKi0YJOdbQ==",
      "dependencies": {
        "itty-router": "2.6.6",
        "leetcode-query": "0.2.5",
        "nano-font": "0.3.1"
      }
    },
    "node_modules/leetcode-query": {
      "version": "0.2.5",
      "resolved": "https://registry.npmjs.org/leetcode-query/-/leetcode-query-0.2.5.tgz",
      "integrity": "sha512-Kqp/zkCHE/nb+bd2smv3cdDH2csGb+MAplcWlLEp3YdGzfgX8j7GXmKBzJ9xfqRb/inzeYbMgbLD5mzZx9iPfg==",
      "dependencies": {
        "node-fetch": "2.6.7"
      }
    },
    "node_modules/nano-font": {
      "version": "0.3.1",
      "resolved": "https://registry.npmjs.org/nano-font/-/nano-font-0.3.1.tgz",
      "integrity": "sha512-tQMeygnnQYVYXj8PtylXojkBrPMcDrz0az9JFeHSqz1LWEeoFPwb5/1qvBhe3hvvyVWeLkSbzHcw3OvE3LjX4g=="
    },
    "node_modules/node-fetch": {
      "version": "2.6.7",
      "resolved": "https://registry.npmjs.org/node-fetch/-/node-fetch-2.6.7.tgz",
      "integrity": "sha512-ZjMPFEfVx5j+y2yF35Kzx5sF7kDzxuDj6ziH4FFbOp87zKDZNx8yExJIb05OGF4Nlt9IHFIMBkRl41VdvcNdbQ==",
      "dependencies": {
        "whatwg-url": "^5.0.0"
      },
      "engines": {
        "node": "4.x || >=6.0.0"
      },
      "peerDependencies": {
        "encoding": "^0.1.0"
      },
      "peerDependenciesMeta": {
        "encoding": {
          "optional": true
        }
      }
    },
    "node_modules/tr46": {
      "version": "0.0.3",
      "resolved": "https://registry.npmjs.org/tr46/-/tr46-0.0.3.tgz",
      "integrity": "sha512-N3WMsuqV66lT30CrXNbEjx4GEwlow3v6rr4mCcv6prnfwhS01rkgyFdjPNBYd9br7LpXV1+Emh01fHnq2Gdgrw=="
    },
    "node_modules/webidl-conversions": {
      "version": "3.0.1",
      "resolved": "https://registry.npmjs.org/webidl-conversions/-/webidl-conversions-3.0.1.tgz",
      "integrity": "sha512-2JAn3z8AR6rjK8Sm8orRC0h/bcl/DqL7tRPdGZ4I1CjdF+EaMLmYxBHyXuKL849eucPFhvBoxMsflfOb8kxaeQ=="
    },
    "node_modules/whatwg-url": {
      "version": "5.0.0",
      "resolved": "https://registry.npmjs.org/whatwg-url/-/whatwg-url-5.0.0.tgz",
      "integrity": "sha512-saE57nupxk6v3HY35+jzBwYa0rKSy0XR8JSxZPwgLr7ys0IBzhGviA1/TUGJLmSVqs8pb9AnvICXEuOHLprYTw==",
      "dependencies": {
        "tr46": "~0.0.3",
        "webidl-conversions": "^3.0.0"
      }
    }
  }
}
